
Microsoft Visual Studio Solution File, Format Version 12.00
# Visual Studio 2012
Project("{FAE04EC0-301F-11D3-BF4B-00C04F79EFBC}") = "SumofPrimeNumbers", "SumofPrimeNumbers\SumofPrimeNumbers.csproj", "{E3D4EA81-51DB-40B2-B561-ABE28CF6BF52}"
EndProject
Global
	GlobalSection(SolutionConfigurationPlatforms) = preSolution
		Debug|Any CPU = Debug|Any CPU
		Release|Any CPU = Release|Any CPU
	EndGlobalSection
	GlobalSection(ProjectConfigurationPlatforms) = postSolution
		{E3D4EA81-51DB-40B2-B561-ABE28CF6BF52}.Debug|Any CPU.ActiveCfg = Debug|Any CPU
		{E3D4EA81-51DB-40B2-B561-ABE28CF6BF52}.Debug|Any CPU.Build.0 = Debug|Any CPU
		{E3D4EA81-51DB-40B2-B561-ABE28CF6BF52}.Release|Any CPU.ActiveCfg = Release|Any CPU
		{E3D4EA81-51DB-40B2-B561-ABE28CF6BF52}.Release|Any CPU.Build.0 = Release|Any CPU
	EndGlobalSection
	GlobalSection(SolutionProperties) = preSolution
		HideSolutionNode = FALSE
	EndGlobalSection
EndGlobal
